
Microsoft Visual Studio Solution File, Format Version 12.00
# Visual Studio 14
VisualStudioVersion = 14.0.25420.1
MinimumVisualStudioVersion = 10.0.40219.1
Project("{FAE04EC0-301F-11D3-BF4B-00C04F79EFBC}") = "NetflixRouletteApp", "NetflixRouletteApp\NetflixRouletteApp\NetflixRouletteApp.csproj", "{F70E6547-5423-4E16-B824-A819A91437F7}"
EndProject
Project("{FAE04EC0-301F-11D3-BF4B-00C04F79EFBC}") = "NetflixRouletteApp.Droid", "NetflixRouletteApp\NetflixRouletteApp.Droid\NetflixRouletteApp.Droid.csproj", "{0723053E-2752-4AEB-9671-54AD32729981}"
EndProject
Project("{FAE04EC0-301F-11D3-BF4B-00C04F79EFBC}") = "NetflixRouletteApp.iOS", "NetflixRouletteApp\NetflixRouletteApp.iOS\NetflixRouletteApp.iOS.csproj", "{6B4653E6-2890-4549-AD07-7BCD21764115}"
EndProject
Project("{FAE04EC0-301F-11D3-BF4B-00C04F79EFBC}") = "NetflixRouletteApp.WinPhone", "NetflixRouletteApp\NetflixRouletteApp.WinPhone\NetflixRouletteApp.WinPhone.csproj", "{A867D30E-54A0-46A0-8B99-B01539DD89DD}"
EndProject
Project("{FAE04EC0-301F-11D3-BF4B-00C04F79EFBC}") = "NetflixRouletteApp.UWP", "NetflixRouletteApp\NetflixRouletteApp.UWP\NetflixRouletteApp.UWP.csproj", "{FA3FABB0-DAE3-48DB-AD11-6403DDB30807}"
EndProject
Project("{FAE04EC0-301F-11D3-BF4B-00C04F79EFBC}") = "NetflixRouletteApp.Windows", "NetflixRouletteApp\NetflixRouletteApp.Windows\NetflixRouletteApp.Windows.csproj", "{0B1D1915-32F9-47FC-B733-66186CD0096B}"
EndProject
Global
	GlobalSection(SolutionConfigurationPlatforms) = preSolution
		Ad-Hoc|Any CPU = Ad-Hoc|Any CPU
		Ad-Hoc|ARM = Ad-Hoc|ARM
		Ad-Hoc|iPhone = Ad-Hoc|iPhone
		Ad-Hoc|iPhoneSimulator = Ad-Hoc|iPhoneSimulator
		Ad-Hoc|x64 = Ad-Hoc|x64
		Ad-Hoc|x86 = Ad-Hoc|x86
		AppStore|Any CPU = AppStore|Any CPU
		AppStore|ARM = AppStore|ARM
		AppStore|iPhone = AppStore|iPhone
		AppStore|iPhoneSimulator = AppStore|iPhoneSimulator
		AppStore|x64 = AppStore|x64
		AppStore|x86 = AppStore|x86
		Debug|Any CPU = Debug|Any CPU
		Debug|ARM = Debug|ARM
		Debug|iPhone = Debug|iPhone
		Debug|iPhoneSimulator = Debug|iPhoneSimulator
		Debug|x64 = Debug|x64
		Debug|x86 = Debug|x86
		Release|Any CPU = Release|Any CPU
		Release|ARM = Release|ARM
		Release|iPhone = Release|iPhone
		Release|iPhoneSimulator = Release|iPhoneSimulator
		Release|x64 = Release|x64
		Release|x86 = Release|x86
	EndGlobalSection
	GlobalSection(ProjectConfigurationPlatforms) = postSolution
		{F70E6547-5423-4E16-B824-A819A91437F7}.Ad-Hoc|Any CPU.ActiveCfg = Release|Any CPU
		{F70E6547-5423-4E16-B824-A819A91437F7}.Ad-Hoc|Any CPU.Build.0 = Release|Any CPU
		{F70E6547-5423-4E16-B824-A819A91437F7}.Ad-Hoc|ARM.ActiveCfg = Release|Any CPU
		{F70E6547-5423-4E16-B824-A819A91437F7}.Ad-Hoc|ARM.Build.0 = Release|Any CPU
		{F70E6547-5423-4E16-B824-A819A91437F7}.Ad-Hoc|iPhone.ActiveCfg = Release|Any CPU
		{F70E6547-5423-4E16-B824-A819A91437F7}.Ad-Hoc|iPhone.Build.0 = Release|Any CPU
		{F70E6547-5423-4E16-B824-A819A91437F7}.Ad-Hoc|iPhoneSimulator.ActiveCfg = Release|Any CPU
		{F70E6547-5423-4E16-B824-A819A91437F7}.Ad-Hoc|iPhoneSimulator.Build.0 = Release|Any CPU
		{F70E6547-5423-4E16-B824-A819A91437F7}.Ad-Hoc|x64.ActiveCfg = Release|Any CPU
		{F70E6547-5423-4E16-B824-A819A91437F7}.Ad-Hoc|x64.Build.0 = Release|Any CPU
		{F70E6547-5423-4E16-B824-A819A91437F7}.Ad-Hoc|x86.ActiveCfg = Release|Any CPU
		{F70E6547-5423-4E16-B824-A819A91437F7}.Ad-Hoc|x86.Build.0 = Release|Any CPU
		{F70E6547-5423-4E16-B824-A819A91437F7}.AppStore|Any CPU.ActiveCfg = Release|Any CPU
		{F70E6547-5423-4E16-B824-A819A91437F7}.AppStore|Any CPU.Build.0 = Release|Any CPU
		{F70E6547-5423-4E16-B824-A819A91437F7}.AppStore|ARM.ActiveCfg = Release|Any CPU
		{F70E6547-5423-4E16-B824-A819A91437F7}.AppStore|ARM.Build.0 = Release|Any CPU
		{F70E6547-5423-4E16-B824-A819A91437F7}.AppStore|iPhone.ActiveCfg = Release|Any CPU
		{F70E6547-5423-4E16-B824-A819A91437F7}.AppStore|iPhone.Build.0 = Release|Any CPU
		{F70E6547-5423-4E16-B824-A819A91437F7}.AppStore|iPhoneSimulator.ActiveCfg = Release|Any CPU
		{F70E6547-5423-4E16-B824-A819A91437F7}.AppStore|iPhoneSimulator.Build.0 = Release|Any CPU
		{F70E6547-5423-4E16-B824-A819A91437F7}.AppStore|x64.ActiveCfg = Release|Any CPU
		{F70E6547-5423-4E16-B824-A819A91437F7}.AppStore|x64.Build.0 = Release|Any CPU
		{F70E6547-5423-4E16-B824-A819A91437F7}.AppStore|x86.ActiveCfg = Release|Any CPU
		{F70E6547-5423-4E16-B824-A819A91437F7}.AppStore|x86.Build.0 = Release|Any CPU
		{F70E6547-5423-4E16-B824-A819A91437F7}.Debug|Any CPU.ActiveCfg = Debug|Any CPU
		{F70E6547-5423-4E16-B824-A819A91437F7}.Debug|Any CPU.Build.0 = Debug|Any CPU
		{F70E6547-5423-4E16-B824-A819A91437F7}.Debug|ARM.ActiveCfg = Debug|Any CPU
		{F70E6547-5423-4E16-B824-A819A91437F7}.Debug|ARM.Build.0 = Debug|Any CPU
		{F70E6547-5423-4E16-B824-A819A91437F7}.Debug|iPhone.ActiveCfg = Debug|Any CPU
		{F70E6547-5423-4E16-B824-A819A91437F7}.Debug|iPhone.Build.0 = Debug|Any CPU
		{F70E6547-5423-4E16-B824-A819A91437F7}.Debug|iPhoneSimulator.ActiveCfg = Debug|Any CPU
		{F70E6547-5423-4E16-B824-A819A91437F7}.Debug|iPhoneSimulator.Build.0 = Debug|Any CPU
		{F70E6547-5423-4E16-B824-A819A91437F7}.Debug|x64.ActiveCfg = Debug|Any CPU
		{F70E6547-5423-4E16-B824-A819A91437F7}.Debug|x64.Build.0 = Debug|Any CPU
		{F70E6547-5423-4E16-B824-A819A91437F7}.Debug|x86.ActiveCfg = Debug|Any CPU
		{F70E6547-5423-4E16-B824-A819A91437F7}.Debug|x86.Build.0 = Debug|Any CPU
		{F70E6547-5423-4E16-B824-A819A91437F7}.Release|Any CPU.ActiveCfg = Release|Any CPU
		{F70E6547-5423-4E16-B824-A819A91437F7}.Release|Any CPU.Build.0 = Release|Any CPU
		{F70E6547-5423-4E16-B824-A819A91437F7}.Release|ARM.ActiveCfg = Release|Any CPU
		{F70E6547-5423-4E16-B824-A819A91437F7}.Release|ARM.Build.0 = Release|Any CPU
		{F70E6547-5423-4E16-B824-A819A91437F7}.Release|iPhone.ActiveCfg = Release|Any CPU
		{F70E6547-5423-4E16-B824-A819A91437F7}.Release|iPhone.Build.0 = Release|Any CPU
		{F70E6547-5423-4E16-B824-A819A91437F7}.Release|iPhoneSimulator.ActiveCfg = Release|Any CPU
		{F70E6547-5423-4E16-B824-A819A91437F7}.Release|iPhoneSimulator.Build.0 = Release|Any CPU
		{F70E6547-5423-4E16-B824-A819A91437F7}.Release|x64.ActiveCfg = Release|Any CPU
		{F70E6547-5423-4E16-B824-A819A91437F7}.Release|x64.Build.0 = Release|Any CPU
		{F70E6547-5423-4E16-B824-A819A91437F7}.Release|x86.ActiveCfg = Release|Any CPU
		{F70E6547-5423-4E16-B824-A819A91437F7}.Release|x86.Build.0 = Release|Any CPU
		{0723053E-2752-4AEB-9671-54AD32729981}.Ad-Hoc|Any CPU.ActiveCfg = Release|Any CPU
		{0723053E-2752-4AEB-9671-54AD32729981}.Ad-Hoc|Any CPU.Build.0 = Release|Any CPU
		{0723053E-2752-4AEB-9671-54AD32729981}.Ad-Hoc|Any CPU.Deploy.0 = Release|Any CPU
		{0723053E-2752-4AEB-9671-54AD32729981}.Ad-Hoc|ARM.ActiveCfg = Release|Any CPU
		{0723053E-2752-4AEB-9671-54AD32729981}.Ad-Hoc|ARM.Build.0 = Release|Any CPU
		{0723053E-2752-4AEB-9671-54AD32729981}.Ad-Hoc|ARM.Deploy.0 = Release|Any CPU
		{0723053E-2752-4AEB-9671-54AD32729981}.Ad-Hoc|iPhone.ActiveCfg = Release|Any CPU
		{0723053E-2752-4AEB-9671-54AD32729981}.Ad-Hoc|iPhone.Build.0 = Release|Any CPU
		{0723053E-2752-4AEB-9671-54AD32729981}.Ad-Hoc|iPhone.Deploy.0 = Release|Any CPU
		{0723053E-2752-4AEB-9671-54AD32729981}.Ad-Hoc|iPhoneSimulator.ActiveCfg = Release|Any CPU
		{0723053E-2752-4AEB-9671-54AD32729981}.Ad-Hoc|iPhoneSimulator.Build.0 = Release|Any CPU
		{0723053E-2752-4AEB-9671-54AD32729981}.Ad-Hoc|iPhoneSimulator.Deploy.0 = Release|Any CPU
		{0723053E-2752-4AEB-9671-54AD32729981}.Ad-Hoc|x64.ActiveCfg = Release|Any CPU
		{0723053E-2752-4AEB-9671-54AD32729981}.Ad-Hoc|x64.Build.0 = Release|Any CPU
		{0723053E-2752-4AEB-9671-54AD32729981}.Ad-Hoc|x64.Deploy.0 = Release|Any CPU
		{0723053E-2752-4AEB-9671-54AD32729981}.Ad-Hoc|x86.ActiveCfg = Release|Any CPU
		{0723053E-2752-4AEB-9671-54AD32729981}.Ad-Hoc|x86.Build.0 = Release|Any CPU
		{0723053E-2752-4AEB-9671-54AD32729981}.Ad-Hoc|x86.Deploy.0 = Release|Any CPU
		{0723053E-2752-4AEB-9671-54AD32729981}.AppStore|Any CPU.ActiveCfg = Release|Any CPU
		{0723053E-2752-4AEB-9671-54AD32729981}.AppStore|Any CPU.Build.0 = Release|Any CPU
		{0723053E-2752-4AEB-9671-54AD32729981}.AppStore|Any CPU.Deploy.0 = Release|Any CPU
		{0723053E-2752-4AEB-9671-54AD32729981}.AppStore|ARM.ActiveCfg = Release|Any CPU
		{0723053E-2752-4AEB-9671-54AD32729981}.AppStore|ARM.Build.0 = Release|Any CPU
		{0723053E-2752-4AEB-9671-54AD32729981}.AppStore|ARM.Deploy.0 = Release|Any CPU
		{0723053E-2752-4AEB-9671-54AD32729981}.AppStore|iPhone.ActiveCfg = Release|Any CPU
		{0723053E-2752-4AEB-9671-54AD32729981}.AppStore|iPhone.Build.0 = Release|Any CPU
		{0723053E-2752-4AEB-9671-54AD32729981}.AppStore|iPhone.Deploy.0 = Release|Any CPU
		{0723053E-2752-4AEB-9671-54AD32729981}.AppStore|iPhoneSimulator.ActiveCfg = Release|Any CPU
		{0723053E-2752-4AEB-9671-54AD32729981}.AppStore|iPhoneSimulator.Build.0 = Release|Any CPU
		{0723053E-2752-4AEB-9671-54AD32729981}.AppStore|iPhoneSimulator.Deploy.0 = Release|Any CPU
		{0723053E-2752-4AEB-9671-54AD32729981}.AppStore|x64.ActiveCfg = Release|Any CPU
		{0723053E-2752-4AEB-9671-54AD32729981}.AppStore|x64.Build.0 = Release|Any CPU
		{0723053E-2752-4AEB-9671-54AD32729981}.AppStore|x64.Deploy.0 = Release|Any CPU
		{0723053E-2752-4AEB-9671-54AD32729981}.AppStore|x86.ActiveCfg = Release|Any CPU
		{0723053E-2752-4AEB-9671-54AD32729981}.AppStore|x86.Build.0 = Release|Any CPU
		{0723053E-2752-4AEB-9671-54AD32729981}.AppStore|x86.Deploy.0 = Release|Any CPU
		{0723053E-2752-4AEB-9671-54AD32729981}.Debug|Any CPU.ActiveCfg = Debug|Any CPU
		{0723053E-2752-4AEB-9671-54AD32729981}.Debug|Any CPU.Build.0 = Debug|Any CPU
		{0723053E-2752-4AEB-9671-54AD32729981}.Debug|Any CPU.Deploy.0 = Debug|Any CPU
		{0723053E-2752-4AEB-9671-54AD32729981}.Debug|ARM.ActiveCfg = Debug|Any CPU
		{0723053E-2752-4AEB-9671-54AD32729981}.Debug|ARM.Build.0 = Debug|Any CPU
		{0723053E-2752-4AEB-9671-54AD32729981}.Debug|ARM.Deploy.0 = Debug|Any CPU
		{0723053E-2752-4AEB-9671-54AD32729981}.Debug|iPhone.ActiveCfg = Debug|Any CPU
		{0723053E-2752-4AEB-9671-54AD32729981}.Debug|iPhone.Build.0 = Debug|Any CPU
		{0723053E-2752-4AEB-9671-54AD32729981}.Debug|iPhone.Deploy.0 = Debug|Any CPU
		{0723053E-2752-4AEB-9671-54AD32729981}.Debug|iPhoneSimulator.ActiveCfg = Debug|Any CPU
		{0723053E-2752-4AEB-9671-54AD32729981}.Debug|iPhoneSimulator.Build.0 = Debug|Any CPU
		{0723053E-2752-4AEB-9671-54AD32729981}.Debug|iPhoneSimulator.Deploy.0 = Debug|Any CPU
		{0723053E-2752-4AEB-9671-54AD32729981}.Debug|x64.ActiveCfg = Debug|Any CPU
		{0723053E-2752-4AEB-9671-54AD32729981}.Debug|x64.Build.0 = Debug|Any CPU
		{0723053E-2752-4AEB-9671-54AD32729981}.Debug|x64.Deploy.0 = Debug|Any CPU
		{0723053E-2752-4AEB-9671-54AD32729981}.Debug|x86.ActiveCfg = Debug|Any CPU
		{0723053E-2752-4AEB-9671-54AD32729981}.Debug|x86.Build.0 = Debug|Any CPU
		{0723053E-2752-4AEB-9671-54AD32729981}.Debug|x86.Deploy.0 = Debug|Any CPU
		{0723053E-2752-4AEB-9671-54AD32729981}.Release|Any CPU.ActiveCfg = Release|Any CPU
		{0723053E-2752-4AEB-9671-54AD32729981}.Release|Any CPU.Build.0 = Release|Any CPU
		{0723053E-2752-4AEB-9671-54AD32729981}.Release|Any CPU.Deploy.0 = Release|Any CPU
		{0723053E-2752-4AEB-9671-54AD32729981}.Release|ARM.ActiveCfg = Release|Any CPU
		{0723053E-2752-4AEB-9671-54AD32729981}.Release|ARM.Build.0 = Release|Any CPU
		{0723053E-2752-4AEB-9671-54AD32729981}.Release|ARM.Deploy.0 = Release|Any CPU
		{0723053E-2752-4AEB-9671-54AD32729981}.Release|iPhone.ActiveCfg = Release|Any CPU
		{0723053E-2752-4AEB-9671-54AD32729981}.Release|iPhone.Build.0 = Release|Any CPU
		{0723053E-2752-4AEB-9671-54AD32729981}.Release|iPhone.Deploy.0 = Release|Any CPU
		{0723053E-2752-4AEB-9671-54AD32729981}.Release|iPhoneSimulator.ActiveCfg = Release|Any CPU
		{0723053E-2752-4AEB-9671-54AD32729981}.Release|iPhoneSimulator.Build.0 = Release|Any CPU
		{0723053E-2752-4AEB-9671-54AD32729981}.Release|iPhoneSimulator.Deploy.0 = Release|Any CPU
		{0723053E-2752-4AEB-9671-54AD32729981}.Release|x64.ActiveCfg = Release|Any CPU
		{0723053E-2752-4AEB-9671-54AD32729981}.Release|x64.Build.0 = Release|Any CPU
		{0723053E-2752-4AEB-9671-54AD32729981}.Release|x64.Deploy.0 = Release|Any CPU
		{0723053E-2752-4AEB-9671-54AD32729981}.Release|x86.ActiveCfg = Release|Any CPU
		{0723053E-2752-4AEB-9671-54AD32729981}.Release|x86.Build.0 = Release|Any CPU
		{0723053E-2752-4AEB-9671-54AD32729981}.Release|x86.Deploy.0 = Release|Any CPU
		{6B4653E6-2890-4549-AD07-7BCD21764115}.Ad-Hoc|Any CPU.ActiveCfg = Ad-Hoc|iPhone
		{6B4653E6-2890-4549-AD07-7BCD21764115}.Ad-Hoc|ARM.ActiveCfg = Ad-Hoc|iPhone
		{6B4653E6-2890-4549-AD07-7BCD21764115}.Ad-Hoc|iPhone.ActiveCfg = Ad-Hoc|iPhone
		{6B4653E6-2890-4549-AD07-7BCD21764115}.Ad-Hoc|iPhone.Build.0 = Ad-Hoc|iPhone
		{6B4653E6-2890-4549-AD07-7BCD21764115}.Ad-Hoc|iPhoneSimulator.ActiveCfg = Ad-Hoc|iPhoneSimulator
		{6B4653E6-2890-4549-AD07-7BCD21764115}.Ad-Hoc|iPhoneSimulator.Build.0 = Ad-Hoc|iPhoneSimulator
		{6B4653E6-2890-4549-AD07-7BCD21764115}.Ad-Hoc|x64.ActiveCfg = Ad-Hoc|iPhone
		{6B4653E6-2890-4549-AD07-7BCD21764115}.Ad-Hoc|x86.ActiveCfg = Ad-Hoc|iPhone
		{6B4653E6-2890-4549-AD07-7BCD21764115}.AppStore|Any CPU.ActiveCfg = AppStore|iPhone
		{6B4653E6-2890-4549-AD07-7BCD21764115}.AppStore|ARM.ActiveCfg = AppStore|iPhone
		{6B4653E6-2890-4549-AD07-7BCD21764115}.AppStore|iPhone.ActiveCfg = AppStore|iPhone
		{6B4653E6-2890-4549-AD07-7BCD21764115}.AppStore|iPhone.Build.0 = AppStore|iPhone
		{6B4653E6-2890-4549-AD07-7BCD21764115}.AppStore|iPhoneSimulator.ActiveCfg = AppStore|iPhoneSimulator
		{6B4653E6-2890-4549-AD07-7BCD21764115}.AppStore|iPhoneSimulator.Build.0 = AppStore|iPhoneSimulator
		{6B4653E6-2890-4549-AD07-7BCD21764115}.AppStore|x64.ActiveCfg = AppStore|iPhone
		{6B4653E6-2890-4549-AD07-7BCD21764115}.AppStore|x86.ActiveCfg = AppStore|iPhone
		{6B4653E6-2890-4549-AD07-7BCD21764115}.Debug|Any CPU.ActiveCfg = Debug|iPhone
		{6B4653E6-2890-4549-AD07-7BCD21764115}.Debug|ARM.ActiveCfg = Debug|iPhone
		{6B4653E6-2890-4549-AD07-7BCD21764115}.Debug|iPhone.ActiveCfg = Debug|iPhone
		{6B4653E6-2890-4549-AD07-7BCD21764115}.Debug|iPhone.Build.0 = Debug|iPhone
		{6B4653E6-2890-4549-AD07-7BCD21764115}.Debug|iPhoneSimulator.ActiveCfg = Debug|iPhoneSimulator
		{6B4653E6-2890-4549-AD07-7BCD21764115}.Debug|iPhoneSimulator.Build.0 = Debug|iPhoneSimulator
		{6B4653E6-2890-4549-AD07-7BCD21764115}.Debug|x64.ActiveCfg = Debug|iPhone
		{6B4653E6-2890-4549-AD07-7BCD21764115}.Debug|x86.ActiveCfg = Debug|iPhone
		{6B4653E6-2890-4549-AD07-7BCD21764115}.Release|Any CPU.ActiveCfg = Release|iPhone
		{6B4653E6-2890-4549-AD07-7BCD21764115}.Release|ARM.ActiveCfg = Release|iPhone
		{6B4653E6-2890-4549-AD07-7BCD21764115}.Release|iPhone.ActiveCfg = Release|iPhone
		{6B4653E6-2890-4549-AD07-7BCD21764115}.Release|iPhone.Build.0 = Release|iPhone
		{6B4653E6-2890-4549-AD07-7BCD21764115}.Release|iPhoneSimulator.ActiveCfg = Release|iPhoneSimulator
		{6B4653E6-2890-4549-AD07-7BCD21764115}.Release|iPhoneSimulator.Build.0 = Release|iPhoneSimulator
		{6B4653E6-2890-4549-AD07-7BCD21764115}.Release|x64.ActiveCfg = Release|iPhone
		{6B4653E6-2890-4549-AD07-7BCD21764115}.Release|x86.ActiveCfg = Release|iPhone
		{A867D30E-54A0-46A0-8B99-B01539DD89DD}.Ad-Hoc|Any CPU.ActiveCfg = Release|Any CPU
		{A867D30E-54A0-46A0-8B99-B01539DD89DD}.Ad-Hoc|Any CPU.Build.0 = Release|Any CPU
		{A867D30E-54A0-46A0-8B99-B01539DD89DD}.Ad-Hoc|Any CPU.Deploy.0 = Release|Any CPU
		{A867D30E-54A0-46A0-8B99-B01539DD89DD}.Ad-Hoc|ARM.ActiveCfg = Release|ARM
		{A867D30E-54A0-46A0-8B99-B01539DD89DD}.Ad-Hoc|ARM.Build.0 = Release|ARM
		{A867D30E-54A0-46A0-8B99-B01539DD89DD}.Ad-Hoc|ARM.Deploy.0 = Release|ARM
		{A867D30E-54A0-46A0-8B99-B01539DD89DD}.Ad-Hoc|iPhone.ActiveCfg = Release|Any CPU
		{A867D30E-54A0-46A0-8B99-B01539DD89DD}.Ad-Hoc|iPhone.Build.0 = Release|Any CPU
		{A867D30E-54A0-46A0-8B99-B01539DD89DD}.Ad-Hoc|iPhone.Deploy.0 = Release|Any CPU
		{A867D30E-54A0-46A0-8B99-B01539DD89DD}.Ad-Hoc|iPhoneSimulator.ActiveCfg = Release|Any CPU
		{A867D30E-54A0-46A0-8B99-B01539DD89DD}.Ad-Hoc|iPhoneSimulator.Build.0 = Release|Any CPU
		{A867D30E-54A0-46A0-8B99-B01539DD89DD}.Ad-Hoc|iPhoneSimulator.Deploy.0 = Release|Any CPU
		{A867D30E-54A0-46A0-8B99-B01539DD89DD}.Ad-Hoc|x64.ActiveCfg = Release|Any CPU
		{A867D30E-54A0-46A0-8B99-B01539DD89DD}.Ad-Hoc|x64.Build.0 = Release|Any CPU
		{A867D30E-54A0-46A0-8B99-B01539DD89DD}.Ad-Hoc|x64.Deploy.0 = Release|Any CPU
		{A867D30E-54A0-46A0-8B99-B01539DD89DD}.Ad-Hoc|x86.ActiveCfg = Release|x86
		{A867D30E-54A0-46A0-8B99-B01539DD89DD}.Ad-Hoc|x86.Build.0 = Release|x86
		{A867D30E-54A0-46A0-8B99-B01539DD89DD}.Ad-Hoc|x86.Deploy.0 = Release|x86
		{A867D30E-54A0-46A0-8B99-B01539DD89DD}.AppStore|Any CPU.ActiveCfg = Release|Any CPU
		{A867D30E-54A0-46A0-8B99-B01539DD89DD}.AppStore|Any CPU.Build.0 = Release|Any CPU
		{A867D30E-54A0-46A0-8B99-B01539DD89DD}.AppStore|Any CPU.Deploy.0 = Release|Any CPU
		{A867D30E-54A0-46A0-8B99-B01539DD89DD}.AppStore|ARM.ActiveCfg = Release|ARM
		{A867D30E-54A0-46A0-8B99-B01539DD89DD}.AppStore|ARM.Build.0 = Release|ARM
		{A867D30E-54A0-46A0-8B99-B01539DD89DD}.AppStore|ARM.Deploy.0 = Release|ARM
		{A867D30E-54A0-46A0-8B99-B01539DD89DD}.AppStore|iPhone.ActiveCfg = Release|Any CPU
		{A867D30E-54A0-46A0-8B99-B01539DD89DD}.AppStore|iPhone.Build.0 = Release|Any CPU
		{A867D30E-54A0-46A0-8B99-B01539DD89DD}.AppStore|iPhone.Deploy.0 = Release|Any CPU
		{A867D30E-54A0-46A0-8B99-B01539DD89DD}.AppStore|iPhoneSimulator.ActiveCfg = Release|Any CPU
		{A867D30E-54A0-46A0-8B99-B01539DD89DD}.AppStore|iPhoneSimulator.Build.0 = Release|Any CPU
		{A867D30E-54A0-46A0-8B99-B01539DD89DD}.AppStore|iPhoneSimulator.Deploy.0 = Release|Any CPU
		{A867D30E-54A0-46A0-8B99-B01539DD89DD}.AppStore|x64.ActiveCfg = Release|Any CPU
		{A867D30E-54A0-46A0-8B99-B01539DD89DD}.AppStore|x64.Build.0 = Release|Any CPU
		{A867D30E-54A0-46A0-8B99-B01539DD89DD}.AppStore|x64.Deploy.0 = Release|Any CPU
		{A867D30E-54A0-46A0-8B99-B01539DD89DD}.AppStore|x86.ActiveCfg = Release|x86
		{A867D30E-54A0-46A0-8B99-B01539DD89DD}.AppStore|x86.Build.0 = Release|x86
		{A867D30E-54A0-46A0-8B99-B01539DD89DD}.AppStore|x86.Deploy.0 = Release|x86
		{A867D30E-54A0-46A0-8B99-B01539DD89DD}.Debug|Any CPU.ActiveCfg = Debug|Any CPU
		{A867D30E-54A0-46A0-8B99-B01539DD89DD}.Debug|Any CPU.Build.0 = Debug|Any CPU
		{A867D30E-54A0-46A0-8B99-B01539DD89DD}.Debug|Any CPU.Deploy.0 = Debug|Any CPU
		{A867D30E-54A0-46A0-8B99-B01539DD89DD}.Debug|ARM.ActiveCfg = Debug|ARM
		{A867D30E-54A0-46A0-8B99-B01539DD89DD}.Debug|ARM.Build.0 = Debug|ARM
		{A867D30E-54A0-46A0-8B99-B01539DD89DD}.Debug|ARM.Deploy.0 = Debug|ARM
		{A867D30E-54A0-46A0-8B99-B01539DD89DD}.Debug|iPhone.ActiveCfg = Debug|Any CPU
		{A867D30E-54A0-46A0-8B99-B01539DD89DD}.Debug|iPhone.Build.0 = Debug|Any CPU
		{A867D30E-54A0-46A0-8B99-B01539DD89DD}.Debug|iPhone.Deploy.0 = Debug|Any CPU
		{A867D30E-54A0-46A0-8B99-B01539DD89DD}.Debug|iPhoneSimulator.ActiveCfg = Debug|Any CPU
		{A867D30E-54A0-46A0-8B99-B01539DD89DD}.Debug|iPhoneSimulator.Build.0 = Debug|Any CPU
		{A867D30E-54A0-46A0-8B99-B01539DD89DD}.Debug|iPhoneSimulator.Deploy.0 = Debug|Any CPU
		{A867D30E-54A0-46A0-8B99-B01539DD89DD}.Debug|x64.ActiveCfg = Debug|Any CPU
		{A867D30E-54A0-46A0-8B99-B01539DD89DD}.Debug|x64.Build.0 = Debug|Any CPU
		{A867D30E-54A0-46A0-8B99-B01539DD89DD}.Debug|x64.Deploy.0 = Debug|Any CPU
		{A867D30E-54A0-46A0-8B99-B01539DD89DD}.Debug|x86.ActiveCfg = Debug|x86
		{A867D30E-54A0-46A0-8B99-B01539DD89DD}.Debug|x86.Build.0 = Debug|x86
		{A867D30E-54A0-46A0-8B99-B01539DD89DD}.Debug|x86.Deploy.0 = Debug|x86
		{A867D30E-54A0-46A0-8B99-B01539DD89DD}.Release|Any CPU.ActiveCfg = Release|Any CPU
		{A867D30E-54A0-46A0-8B99-B01539DD89DD}.Release|Any CPU.Build.0 = Release|Any CPU
		{A867D30E-54A0-46A0-8B99-B01539DD89DD}.Release|Any CPU.Deploy.0 = Release|Any CPU
		{A867D30E-54A0-46A0-8B99-B01539DD89DD}.Release|ARM.ActiveCfg = Release|ARM
		{A867D30E-54A0-46A0-8B99-B01539DD89DD}.Release|ARM.Build.0 = Release|ARM
		{A867D30E-54A0-46A0-8B99-B01539DD89DD}.Release|ARM.Deploy.0 = Release|ARM
		{A867D30E-54A0-46A0-8B99-B01539DD89DD}.Release|iPhone.ActiveCfg = Release|Any CPU
		{A867D30E-54A0-46A0-8B99-B01539DD89DD}.Release|iPhone.Build.0 = Release|Any CPU
		{A867D30E-54A0-46A0-8B99-B01539DD89DD}.Release|iPhone.Deploy.0 = Release|Any CPU
		{A867D30E-54A0-46A0-8B99-B01539DD89DD}.Release|iPhoneSimulator.ActiveCfg = Release|Any CPU
		{A867D30E-54A0-46A0-8B99-B01539DD89DD}.Release|iPhoneSimulator.Build.0 = Release|Any CPU
		{A867D30E-54A0-46A0-8B99-B01539DD89DD}.Release|iPhoneSimulator.Deploy.0 = Release|Any CPU
		{A867D30E-54A0-46A0-8B99-B01539DD89DD}.Release|x64.ActiveCfg = Release|Any CPU
		{A867D30E-54A0-46A0-8B99-B01539DD89DD}.Release|x64.Build.0 = Release|Any CPU
		{A867D30E-54A0-46A0-8B99-B01539DD89DD}.Release|x64.Deploy.0 = Release|Any CPU
		{A867D30E-54A0-46A0-8B99-B01539DD89DD}.Release|x86.ActiveCfg = Release|x86
		{A867D30E-54A0-46A0-8B99-B01539DD89DD}.Release|x86.Build.0 = Release|x86
		{A867D30E-54A0-46A0-8B99-B01539DD89DD}.Release|x86.Deploy.0 = Release|x86
		{FA3FABB0-DAE3-48DB-AD11-6403DDB30807}.Ad-Hoc|Any CPU.ActiveCfg = Release|x86
		{FA3FABB0-DAE3-48DB-AD11-6403DDB30807}.Ad-Hoc|Any CPU.Build.0 = Release|x86
		{FA3FABB0-DAE3-48DB-AD11-6403DDB30807}.Ad-Hoc|Any CPU.Deploy.0 = Release|x86
		{FA3FABB0-DAE3-48DB-AD11-6403DDB30807}.Ad-Hoc|ARM.ActiveCfg = Release|ARM
		{FA3FABB0-DAE3-48DB-AD11-6403DDB30807}.Ad-Hoc|ARM.Build.0 = Release|ARM
		{FA3FABB0-DAE3-48DB-AD11-6403DDB30807}.Ad-Hoc|ARM.Deploy.0 = Release|ARM
		{FA3FABB0-DAE3-48DB-AD11-6403DDB30807}.Ad-Hoc|iPhone.ActiveCfg = Release|x86
		{FA3FABB0-DAE3-48DB-AD11-6403DDB30807}.Ad-Hoc|iPhone.Build.0 = Release|x86
		{FA3FABB0-DAE3-48DB-AD11-6403DDB30807}.Ad-Hoc|iPhone.Deploy.0 = Release|x86
		{FA3FABB0-DAE3-48DB-AD11-6403DDB30807}.Ad-Hoc|iPhoneSimulator.ActiveCfg = Release|x86
		{FA3FABB0-DAE3-48DB-AD11-6403DDB30807}.Ad-Hoc|iPhoneSimulator.Build.0 = Release|x86
		{FA3FABB0-DAE3-48DB-AD11-6403DDB30807}.Ad-Hoc|iPhoneSimulator.Deploy.0 = Release|x86
		{FA3FABB0-DAE3-48DB-AD11-6403DDB30807}.Ad-Hoc|x64.ActiveCfg = Release|x64
		{FA3FABB0-DAE3-48DB-AD11-6403DDB30807}.Ad-Hoc|x64.Build.0 = Release|x64
		{FA3FABB0-DAE3-48DB-AD11-6403DDB30807}.Ad-Hoc|x64.Deploy.0 = Release|x64
		{FA3FABB0-DAE3-48DB-AD11-6403DDB30807}.Ad-Hoc|x86.ActiveCfg = Release|x86
		{FA3FABB0-DAE3-48DB-AD11-6403DDB30807}.Ad-Hoc|x86.Build.0 = Release|x86
		{FA3FABB0-DAE3-48DB-AD11-6403DDB30807}.Ad-Hoc|x86.Deploy.0 = Release|x86
		{FA3FABB0-DAE3-48DB-AD11-6403DDB30807}.AppStore|Any CPU.ActiveCfg = Release|x86
		{FA3FABB0-DAE3-48DB-AD11-6403DDB30807}.AppStore|Any CPU.Build.0 = Release|x86
		{FA3FABB0-DAE3-48DB-AD11-6403DDB30807}.AppStore|Any CPU.Deploy.0 = Release|x86
		{FA3FABB0-DAE3-48DB-AD11-6403DDB30807}.AppStore|ARM.ActiveCfg = Release|ARM
		{FA3FABB0-DAE3-48DB-AD11-6403DDB30807}.AppStore|ARM.Build.0 = Release|ARM
		{FA3FABB0-DAE3-48DB-AD11-6403DDB30807}.AppStore|ARM.Deploy.0 = Release|ARM
		{FA3FABB0-DAE3-48DB-AD11-6403DDB30807}.AppStore|iPhone.ActiveCfg = Release|x86
		{FA3FABB0-DAE3-48DB-AD11-6403DDB30807}.AppStore|iPhone.Build.0 = Release|x86
		{FA3FABB0-DAE3-48DB-AD11-6403DDB30807}.AppStore|iPhone.Deploy.0 = Release|x86
		{FA3FABB0-DAE3-48DB-AD11-6403DDB30807}.AppStore|iPhoneSimulator.ActiveCfg = Release|x86
		{FA3FABB0-DAE3-48DB-AD11-6403DDB30807}.AppStore|iPhoneSimulator.Build.0 = Release|x86
		{FA3FABB0-DAE3-48DB-AD11-6403DDB30807}.AppStore|iPhoneSimulator.Deploy.0 = Release|x86
		{FA3FABB0-DAE3-48DB-AD11-6403DDB30807}.AppStore|x64.ActiveCfg = Release|x64
		{FA3FABB0-DAE3-48DB-AD11-6403DDB30807}.AppStore|x64.Build.0 = Release|x64
		{FA3FABB0-DAE3-48DB-AD11-6403DDB30807}.AppStore|x64.Deploy.0 = Release|x64
		{FA3FABB0-DAE3-48DB-AD11-6403DDB30807}.AppStore|x86.ActiveCfg = Release|x86
		{FA3FABB0-DAE3-48DB-AD11-6403DDB30807}.AppStore|x86.Build.0 = Release|x86
		{FA3FABB0-DAE3-48DB-AD11-6403DDB30807}.AppStore|x86.Deploy.0 = Release|x86
		{FA3FABB0-DAE3-48DB-AD11-6403DDB30807}.Debug|Any CPU.ActiveCfg = Debug|x86
		{FA3FABB0-DAE3-48DB-AD11-6403DDB30807}.Debug|ARM.ActiveCfg = Debug|ARM
		{FA3FABB0-DAE3-48DB-AD11-6403DDB30807}.Debug|ARM.Build.0 = Debug|ARM
		{FA3FABB0-DAE3-48DB-AD11-6403DDB30807}.Debug|ARM.Deploy.0 = Debug|ARM
		{FA3FABB0-DAE3-48DB-AD11-6403DDB30807}.Debug|iPhone.ActiveCfg = Debug|x86
		{FA3FABB0-DAE3-48DB-AD11-6403DDB30807}.Debug|iPhoneSimulator.ActiveCfg = Debug|x86
		{FA3FABB0-DAE3-48DB-AD11-6403DDB30807}.Debug|x64.ActiveCfg = Debug|x64
		{FA3FABB0-DAE3-48DB-AD11-6403DDB30807}.Debug|x64.Build.0 = Debug|x64
		{FA3FABB0-DAE3-48DB-AD11-6403DDB30807}.Debug|x64.Deploy.0 = Debug|x64
		{FA3FABB0-DAE3-48DB-AD11-6403DDB30807}.Debug|x86.ActiveCfg = Debug|x86
		{FA3FABB0-DAE3-48DB-AD11-6403DDB30807}.Debug|x86.Build.0 = Debug|x86
		{FA3FABB0-DAE3-48DB-AD11-6403DDB30807}.Debug|x86.Deploy.0 = Debug|x86
		{FA3FABB0-DAE3-48DB-AD11-6403DDB30807}.Release|Any CPU.ActiveCfg = Release|x86
		{FA3FABB0-DAE3-48DB-AD11-6403DDB30807}.Release|ARM.ActiveCfg = Release|ARM
		{FA3FABB0-DAE3-48DB-AD11-6403DDB30807}.Release|ARM.Build.0 = Release|ARM
		{FA3FABB0-DAE3-48DB-AD11-6403DDB30807}.Release|ARM.Deploy.0 = Release|ARM
		{FA3FABB0-DAE3-48DB-AD11-6403DDB30807}.Release|iPhone.ActiveCfg = Release|x86
		{FA3FABB0-DAE3-48DB-AD11-6403DDB30807}.Release|iPhoneSimulator.ActiveCfg = Release|x86
		{FA3FABB0-DAE3-48DB-AD11-6403DDB30807}.Release|x64.ActiveCfg = Release|x64
		{FA3FABB0-DAE3-48DB-AD11-6403DDB30807}.Release|x64.Build.0 = Release|x64
		{FA3FABB0-DAE3-48DB-AD11-6403DDB30807}.Release|x64.Deploy.0 = Release|x64
		{FA3FABB0-DAE3-48DB-AD11-6403DDB30807}.Release|x86.ActiveCfg = Release|x86
		{FA3FABB0-DAE3-48DB-AD11-6403DDB30807}.Release|x86.Build.0 = Release|x86
		{FA3FABB0-DAE3-48DB-AD11-6403DDB30807}.Release|x86.Deploy.0 = Release|x86
		{0B1D1915-32F9-47FC-B733-66186CD0096B}.Ad-Hoc|Any CPU.ActiveCfg = Release|Any CPU
		{0B1D1915-32F9-47FC-B733-66186CD0096B}.Ad-Hoc|Any CPU.Build.0 = Release|Any CPU
		{0B1D1915-32F9-47FC-B733-66186CD0096B}.Ad-Hoc|Any CPU.Deploy.0 = Release|Any CPU
		{0B1D1915-32F9-47FC-B733-66186CD0096B}.Ad-Hoc|ARM.ActiveCfg = Release|ARM
		{0B1D1915-32F9-47FC-B733-66186CD0096B}.Ad-Hoc|ARM.Build.0 = Release|ARM
		{0B1D1915-32F9-47FC-B733-66186CD0096B}.Ad-Hoc|ARM.Deploy.0 = Release|ARM
		{0B1D1915-32F9-47FC-B733-66186CD0096B}.Ad-Hoc|iPhone.ActiveCfg = Release|Any CPU
		{0B1D1915-32F9-47FC-B733-66186CD0096B}.Ad-Hoc|iPhone.Build.0 = Release|Any CPU
		{0B1D1915-32F9-47FC-B733-66186CD0096B}.Ad-Hoc|iPhone.Deploy.0 = Release|Any CPU
		{0B1D1915-32F9-47FC-B733-66186CD0096B}.Ad-Hoc|iPhoneSimulator.ActiveCfg = Release|Any CPU
		{0B1D1915-32F9-47FC-B733-66186CD0096B}.Ad-Hoc|iPhoneSimulator.Build.0 = Release|Any CPU
		{0B1D1915-32F9-47FC-B733-66186CD0096B}.Ad-Hoc|iPhoneSimulator.Deploy.0 = Release|Any CPU
		{0B1D1915-32F9-47FC-B733-66186CD0096B}.Ad-Hoc|x64.ActiveCfg = Release|x64
		{0B1D1915-32F9-47FC-B733-66186CD0096B}.Ad-Hoc|x64.Build.0 = Release|x64
		{0B1D1915-32F9-47FC-B733-66186CD0096B}.Ad-Hoc|x64.Deploy.0 = Release|x64
		{0B1D1915-32F9-47FC-B733-66186CD0096B}.Ad-Hoc|x86.ActiveCfg = Release|x86
		{0B1D1915-32F9-47FC-B733-66186CD0096B}.Ad-Hoc|x86.Build.0 = Release|x86
		{0B1D1915-32F9-47FC-B733-66186CD0096B}.Ad-Hoc|x86.Deploy.0 = Release|x86
		{0B1D1915-32F9-47FC-B733-66186CD0096B}.AppStore|Any CPU.ActiveCfg = Release|Any CPU
		{0B1D1915-32F9-47FC-B733-66186CD0096B}.AppStore|Any CPU.Build.0 = Release|Any CPU
		{0B1D1915-32F9-47FC-B733-66186CD0096B}.AppStore|Any CPU.Deploy.0 = Release|Any CPU
		{0B1D1915-32F9-47FC-B733-66186CD0096B}.AppStore|ARM.ActiveCfg = Release|ARM
		{0B1D1915-32F9-47FC-B733-66186CD0096B}.AppStore|ARM.Build.0 = Release|ARM
		{0B1D1915-32F9-47FC-B733-66186CD0096B}.AppStore|ARM.Deploy.0 = Release|ARM
		{0B1D1915-32F9-47FC-B733-66186CD0096B}.AppStore|iPhone.ActiveCfg = Release|Any CPU
		{0B1D1915-32F9-47FC-B733-66186CD0096B}.AppStore|iPhone.Build.0 = Release|Any CPU
		{0B1D1915-32F9-47FC-B733-66186CD0096B}.AppStore|iPhone.Deploy.0 = Release|Any CPU
		{0B1D1915-32F9-47FC-B733-66186CD0096B}.AppStore|iPhoneSimulator.ActiveCfg = Release|Any CPU
		{0B1D1915-32F9-47FC-B733-66186CD0096B}.AppStore|iPhoneSimulator.Build.0 = Release|Any CPU
		{0B1D1915-32F9-47FC-B733-66186CD0096B}.AppStore|iPhoneSimulator.Deploy.0 = Release|Any CPU
		{0B1D1915-32F9-47FC-B733-66186CD0096B}.AppStore|x64.ActiveCfg = Release|x64
		{0B1D1915-32F9-47FC-B733-66186CD0096B}.AppStore|x64.Build.0 = Release|x64
		{0B1D1915-32F9-47FC-B733-66186CD0096B}.AppStore|x64.Deploy.0 = Release|x64
		{0B1D1915-32F9-47FC-B733-66186CD0096B}.AppStore|x86.ActiveCfg = Release|x86
		{0B1D1915-32F9-47FC-B733-66186CD0096B}.AppStore|x86.Build.0 = Release|x86
		{0B1D1915-32F9-47FC-B733-66186CD0096B}.AppStore|x86.Deploy.0 = Release|x86
		{0B1D1915-32F9-47FC-B733-66186CD0096B}.Debug|Any CPU.ActiveCfg = Debug|Any CPU
		{0B1D1915-32F9-47FC-B733-66186CD0096B}.Debug|Any CPU.Build.0 = Debug|Any CPU
		{0B1D1915-32F9-47FC-B733-66186CD0096B}.Debug|Any CPU.Deploy.0 = Debug|Any CPU
		{0B1D1915-32F9-47FC-B733-66186CD0096B}.Debug|ARM.ActiveCfg = Debug|ARM
		{0B1D1915-32F9-47FC-B733-66186CD0096B}.Debug|ARM.Build.0 = Debug|ARM
		{0B1D1915-32F9-47FC-B733-66186CD0096B}.Debug|ARM.Deploy.0 = Debug|ARM
		{0B1D1915-32F9-47FC-B733-66186CD0096B}.Debug|iPhone.ActiveCfg = Debug|Any CPU
		{0B1D1915-32F9-47FC-B733-66186CD0096B}.Debug|iPhone.Build.0 = Debug|Any CPU
		{0B1D1915-32F9-47FC-B733-66186CD0096B}.Debug|iPhone.Deploy.0 = Debug|Any CPU
		{0B1D1915-32F9-47FC-B733-66186CD0096B}.Debug|iPhoneSimulator.ActiveCfg = Debug|Any CPU
		{0B1D1915-32F9-47FC-B733-66186CD0096B}.Debug|iPhoneSimulator.Build.0 = Debug|Any CPU
		{0B1D1915-32F9-47FC-B733-66186CD0096B}.Debug|iPhoneSimulator.Deploy.0 = Debug|Any CPU
		{0B1D1915-32F9-47FC-B733-66186CD0096B}.Debug|x64.ActiveCfg = Debug|x64
		{0B1D1915-32F9-47FC-B733-66186CD0096B}.Debug|x64.Build.0 = Debug|x64
		{0B1D1915-32F9-47FC-B733-66186CD0096B}.Debug|x64.Deploy.0 = Debug|x64
		{0B1D1915-32F9-47FC-B733-66186CD0096B}.Debug|x86.ActiveCfg = Debug|x86
		{0B1D1915-32F9-47FC-B733-66186CD0096B}.Debug|x86.Build.0 = Debug|x86
		{0B1D1915-32F9-47FC-B733-66186CD0096B}.Debug|x86.Deploy.0 = Debug|x86
		{0B1D1915-32F9-47FC-B733-66186CD0096B}.Release|Any CPU.ActiveCfg = Release|Any CPU
		{0B1D1915-32F9-47FC-B733-66186CD0096B}.Release|Any CPU.Build.0 = Release|Any CPU
		{0B1D1915-32F9-47FC-B733-66186CD0096B}.Release|Any CPU.Deploy.0 = Release|Any CPU
		{0B1D1915-32F9-47FC-B733-66186CD0096B}.Release|ARM.ActiveCfg = Release|ARM
		{0B1D1915-32F9-47FC-B733-66186CD0096B}.Release|ARM.Build.0 = Release|ARM
		{0B1D1915-32F9-47FC-B733-66186CD0096B}.Release|ARM.Deploy.0 = Release|ARM
		{0B1D1915-32F9-47FC-B733-66186CD0096B}.Release|iPhone.ActiveCfg = Release|Any CPU
		{0B1D1915-32F9-47FC-B733-66186CD0096B}.Release|iPhone.Build.0 = Release|Any CPU
		{0B1D1915-32F9-47FC-B733-66186CD0096B}.Release|iPhone.Deploy.0 = Release|Any CPU
		{0B1D1915-32F9-47FC-B733-66186CD0096B}.Release|iPhoneSimulator.ActiveCfg = Release|Any CPU
		{0B1D1915-32F9-47FC-B733-66186CD0096B}.Release|iPhoneSimulator.Build.0 = Release|Any CPU
		{0B1D1915-32F9-47FC-B733-66186CD0096B}.Release|iPhoneSimulator.Deploy.0 = Release|Any CPU
		{0B1D1915-32F9-47FC-B733-66186CD0096B}.Release|x64.ActiveCfg = Release|x64
		{0B1D1915-32F9-47FC-B733-66186CD0096B}.Release|x64.Build.0 = Release|x64
		{0B1D1915-32F9-47FC-B733-66186CD0096B}.Release|x64.Deploy.0 = Release|x64
		{0B1D1915-32F9-47FC-B733-66186CD0096B}.Release|x86.ActiveCfg = Release|x86
		{0B1D1915-32F9-47FC-B733-66186CD0096B}.Release|x86.Build.0 = Release|x86
		{0B1D1915-32F9-47FC-B733-66186CD0096B}.Release|x86.Deploy.0 = Release|x86
	EndGlobalSection
	GlobalSection(SolutionProperties) = preSolution
		HideSolutionNode = FALSE
	EndGlobalSection
EndGlobal
